
Microsoft Visual Studio Solution File, Format Version 12.00
# Visual Studio Version 16
VisualStudioVersion = 16.0.29521.150
MinimumVisualStudioVersion = 15.0.26124.0
Project("{9A19103F-16F7-4668-BE54-9A1E7A4F7556}") = "DotNETBuildSDK", "DotNETBuild\DotNETBuildSDK.csproj", "{FAC689A0-35C0-471A-9497-43007295DAC0}"
EndProject
Project("{9A19103F-16F7-4668-BE54-9A1E7A4F7556}") = "BuildKitTool", "BuildKitTool\BuildKitTool.csproj", "{404D0C40-4143-4404-A903-A6120953F865}"
EndProject
Project("{9A19103F-16F7-4668-BE54-9A1E7A4F7556}") = "GitRevisionTask", "GitRevisionTask\GitRevisionTask.csproj", "{4F115E33-8D1B-478A-B585-913DE7DF8923}"
EndProject
Project("{9A19103F-16F7-4668-BE54-9A1E7A4F7556}") = "NuGetTask", "NuGetTask\NuGetTask.csproj", "{1611E7E0-88DE-4CBE-9416-5C3D62368E43}"
EndProject
Project("{9A19103F-16F7-4668-BE54-9A1E7A4F7556}") = "MSBuildTask", "MSBuildTask\MSBuildTask.csproj", "{9EF5F3FD-8006-4501-972A-7F4E53720794}"
EndProject
Project("{9A19103F-16F7-4668-BE54-9A1E7A4F7556}") = "NuGetPublishTask", "NuGetPublishTask\NuGetPublishTask.csproj", "{65D3840B-15F1-4B7E-95E9-BDA71EA82DAF}"
EndProject
Project("{9A19103F-16F7-4668-BE54-9A1E7A4F7556}") = "DotNETTask", "DotNETTask\DotNETTask.csproj", "{7DA17212-EB00-4B28-A291-780599404EB3}"
EndProject
Project("{9A19103F-16F7-4668-BE54-9A1E7A4F7556}") = "GetAssemblyVersionTask", "GetAssemblyVersionTask\GetAssemblyVersionTask.csproj", "{866C25BE-4131-491A-B80F-B7BC7173E88F}"
EndProject
Project("{9A19103F-16F7-4668-BE54-9A1E7A4F7556}") = "MatrixRun", "MatrixRun\MatrixRun.csproj", "{D53B5562-FF9C-47F5-98B2-3E484690106F}"
EndProject
Project("{2150E333-8FDC-42A3-9474-1A3956D46DE8}") = "Solution Items", "Solution Items", "{1BF227EE-E878-4FD3-A7B3-E3C94CA34E51}"
	ProjectSection(SolutionItems) = preProject
		Directory.Build.props = Directory.Build.props
		README.md = README.md
		build\Version.props = build\Version.props
	EndProjectSection
EndProject
Project("{9A19103F-16F7-4668-BE54-9A1E7A4F7556}") = "PickTextValueTask", "PickTextValueTask\PickTextValueTask.csproj", "{4BA83F73-10BC-45A5-B6AA-9678540D70F6}"
EndProject
Project("{2150E333-8FDC-42A3-9474-1A3956D46DE8}") = "Tests", "Tests", "{2C43AF3C-C3B2-4B8A-81E2-DA6D8A53356A}"
EndProject
Project("{9A19103F-16F7-4668-BE54-9A1E7A4F7556}") = "DotNETBuild.Tests", "Tests\DotNETBuild.Tests\DotNETBuild.Tests.csproj", "{6CE1C00F-2DD0-450E-859C-DDB8BDF7951E}"
EndProject
Project("{9A19103F-16F7-4668-BE54-9A1E7A4F7556}") = "WriteAppVersionTask", "WriteAppVersionTask\WriteAppVersionTask.csproj", "{360289B9-3E01-449D-93F9-36C865531026}"
EndProject
Project("{9A19103F-16F7-4668-BE54-9A1E7A4F7556}") = "SendEmailTask", "SendEmailTask\SendEmailTask.csproj", "{C9D2280E-3319-4EA4-A7B9-22D003D57BAE}"
EndProject
Project("{9A19103F-16F7-4668-BE54-9A1E7A4F7556}") = "BuildMd5Task", "BuildMd5Task\BuildMd5Task.csproj", "{14D21C4D-66AA-4C80-BBBC-7A27CA6F18FB}"
EndProject
Project("{9A19103F-16F7-4668-BE54-9A1E7A4F7556}") = "VerifyMd5Task", "VerifyMd5Task\VerifyMd5Task.csproj", "{A3DDFA13-64EA-4A13-AB95-49F631BA9794}"
EndProject
Project("{9A19103F-16F7-4668-BE54-9A1E7A4F7556}") = "CopyAfterCompileTool", "CopyAfterCompileTool\CopyAfterCompileTool.csproj", "{D1B87F85-B27F-4968-AD7F-41661D647D22}"
EndProject
Global
	GlobalSection(SolutionConfigurationPlatforms) = preSolution
		Debug|Any CPU = Debug|Any CPU
		Debug|x64 = Debug|x64
		Debug|x86 = Debug|x86
		Release|Any CPU = Release|Any CPU
		Release|x64 = Release|x64
		Release|x86 = Release|x86
	EndGlobalSection
	GlobalSection(ProjectConfigurationPlatforms) = postSolution
		{FAC689A0-35C0-471A-9497-43007295DAC0}.Debug|Any CPU.ActiveCfg = Debug|Any CPU
		{FAC689A0-35C0-471A-9497-43007295DAC0}.Debug|Any CPU.Build.0 = Debug|Any CPU
		{FAC689A0-35C0-471A-9497-43007295DAC0}.Debug|x64.ActiveCfg = Debug|Any CPU
		{FAC689A0-35C0-471A-9497-43007295DAC0}.Debug|x64.Build.0 = Debug|Any CPU
		{FAC689A0-35C0-471A-9497-43007295DAC0}.Debug|x86.ActiveCfg = Debug|Any CPU
		{FAC689A0-35C0-471A-9497-43007295DAC0}.Debug|x86.Build.0 = Debug|Any CPU
		{FAC689A0-35C0-471A-9497-43007295DAC0}.Release|Any CPU.ActiveCfg = Release|Any CPU
		{FAC689A0-35C0-471A-9497-43007295DAC0}.Release|Any CPU.Build.0 = Release|Any CPU
		{FAC689A0-35C0-471A-9497-43007295DAC0}.Release|x64.ActiveCfg = Release|Any CPU
		{FAC689A0-35C0-471A-9497-43007295DAC0}.Release|x64.Build.0 = Release|Any CPU
		{FAC689A0-35C0-471A-9497-43007295DAC0}.Release|x86.ActiveCfg = Release|Any CPU
		{FAC689A0-35C0-471A-9497-43007295DAC0}.Release|x86.Build.0 = Release|Any CPU
		{404D0C40-4143-4404-A903-A6120953F865}.Debug|Any CPU.ActiveCfg = Debug|Any CPU
		{404D0C40-4143-4404-A903-A6120953F865}.Debug|Any CPU.Build.0 = Debug|Any CPU
		{404D0C40-4143-4404-A903-A6120953F865}.Debug|x64.ActiveCfg = Debug|Any CPU
		{404D0C40-4143-4404-A903-A6120953F865}.Debug|x64.Build.0 = Debug|Any CPU
		{404D0C40-4143-4404-A903-A6120953F865}.Debug|x86.ActiveCfg = Debug|Any CPU
		{404D0C40-4143-4404-A903-A6120953F865}.Debug|x86.Build.0 = Debug|Any CPU
		{404D0C40-4143-4404-A903-A6120953F865}.Release|Any CPU.ActiveCfg = Release|Any CPU
		{404D0C40-4143-4404-A903-A6120953F865}.Release|Any CPU.Build.0 = Release|Any CPU
		{404D0C40-4143-4404-A903-A6120953F865}.Release|x64.ActiveCfg = Release|Any CPU
		{404D0C40-4143-4404-A903-A6120953F865}.Release|x64.Build.0 = Release|Any CPU
		{404D0C40-4143-4404-A903-A6120953F865}.Release|x86.ActiveCfg = Release|Any CPU
		{404D0C40-4143-4404-A903-A6120953F865}.Release|x86.Build.0 = Release|Any CPU
		{4F115E33-8D1B-478A-B585-913DE7DF8923}.Debug|Any CPU.ActiveCfg = Debug|Any CPU
		{4F115E33-8D1B-478A-B585-913DE7DF8923}.Debug|Any CPU.Build.0 = Debug|Any CPU
		{4F115E33-8D1B-478A-B585-913DE7DF8923}.Debug|x64.ActiveCfg = Debug|Any CPU
		{4F115E33-8D1B-478A-B585-913DE7DF8923}.Debug|x64.Build.0 = Debug|Any CPU
		{4F115E33-8D1B-478A-B585-913DE7DF8923}.Debug|x86.ActiveCfg = Debug|Any CPU
		{4F115E33-8D1B-478A-B585-913DE7DF8923}.Debug|x86.Build.0 = Debug|Any CPU
		{4F115E33-8D1B-478A-B585-913DE7DF8923}.Release|Any CPU.ActiveCfg = Release|Any CPU
		{4F115E33-8D1B-478A-B585-913DE7DF8923}.Release|Any CPU.Build.0 = Release|Any CPU
		{4F115E33-8D1B-478A-B585-913DE7DF8923}.Release|x64.ActiveCfg = Release|Any CPU
		{4F115E33-8D1B-478A-B585-913DE7DF8923}.Release|x64.Build.0 = Release|Any CPU
		{4F115E33-8D1B-478A-B585-913DE7DF8923}.Release|x86.ActiveCfg = Release|Any CPU
		{4F115E33-8D1B-478A-B585-913DE7DF8923}.Release|x86.Build.0 = Release|Any CPU
		{1611E7E0-88DE-4CBE-9416-5C3D62368E43}.Debug|Any CPU.ActiveCfg = Debug|Any CPU
		{1611E7E0-88DE-4CBE-9416-5C3D62368E43}.Debug|Any CPU.Build.0 = Debug|Any CPU
		{1611E7E0-88DE-4CBE-9416-5C3D62368E43}.Debug|x64.ActiveCfg = Debug|Any CPU
		{1611E7E0-88DE-4CBE-9416-5C3D62368E43}.Debug|x64.Build.0 = Debug|Any CPU
		{1611E7E0-88DE-4CBE-9416-5C3D62368E43}.Debug|x86.ActiveCfg = Debug|Any CPU
		{1611E7E0-88DE-4CBE-9416-5C3D62368E43}.Debug|x86.Build.0 = Debug|Any CPU
		{1611E7E0-88DE-4CBE-9416-5C3D62368E43}.Release|Any CPU.ActiveCfg = Release|Any CPU
		{1611E7E0-88DE-4CBE-9416-5C3D62368E43}.Release|Any CPU.Build.0 = Release|Any CPU
		{1611E7E0-88DE-4CBE-9416-5C3D62368E43}.Release|x64.ActiveCfg = Release|Any CPU
		{1611E7E0-88DE-4CBE-9416-5C3D62368E43}.Release|x64.Build.0 = Release|Any CPU
		{1611E7E0-88DE-4CBE-9416-5C3D62368E43}.Release|x86.ActiveCfg = Release|Any CPU
		{1611E7E0-88DE-4CBE-9416-5C3D62368E43}.Release|x86.Build.0 = Release|Any CPU
		{9EF5F3FD-8006-4501-972A-7F4E53720794}.Debug|Any CPU.ActiveCfg = Debug|Any CPU
		{9EF5F3FD-8006-4501-972A-7F4E53720794}.Debug|Any CPU.Build.0 = Debug|Any CPU
		{9EF5F3FD-8006-4501-972A-7F4E53720794}.Debug|x64.ActiveCfg = Debug|Any CPU
		{9EF5F3FD-8006-4501-972A-7F4E53720794}.Debug|x64.Build.0 = Debug|Any CPU
		{9EF5F3FD-8006-4501-972A-7F4E53720794}.Debug|x86.ActiveCfg = Debug|Any CPU
		{9EF5F3FD-8006-4501-972A-7F4E53720794}.Debug|x86.Build.0 = Debug|Any CPU
		{9EF5F3FD-8006-4501-972A-7F4E53720794}.Release|Any CPU.ActiveCfg = Release|Any CPU
		{9EF5F3FD-8006-4501-972A-7F4E53720794}.Release|Any CPU.Build.0 = Release|Any CPU
		{9EF5F3FD-8006-4501-972A-7F4E53720794}.Release|x64.ActiveCfg = Release|Any CPU
		{9EF5F3FD-8006-4501-972A-7F4E53720794}.Release|x64.Build.0 = Release|Any CPU
		{9EF5F3FD-8006-4501-972A-7F4E53720794}.Release|x86.ActiveCfg = Release|Any CPU
		{9EF5F3FD-8006-4501-972A-7F4E53720794}.Release|x86.Build.0 = Release|Any CPU
		{65D3840B-15F1-4B7E-95E9-BDA71EA82DAF}.Debug|Any CPU.ActiveCfg = Debug|Any CPU
		{65D3840B-15F1-4B7E-95E9-BDA71EA82DAF}.Debug|Any CPU.Build.0 = Debug|Any CPU
		{65D3840B-15F1-4B7E-95E9-BDA71EA82DAF}.Debug|x64.ActiveCfg = Debug|Any CPU
		{65D3840B-15F1-4B7E-95E9-BDA71EA82DAF}.Debug|x64.Build.0 = Debug|Any CPU
		{65D3840B-15F1-4B7E-95E9-BDA71EA82DAF}.Debug|x86.ActiveCfg = Debug|Any CPU
		{65D3840B-15F1-4B7E-95E9-BDA71EA82DAF}.Debug|x86.Build.0 = Debug|Any CPU
		{65D3840B-15F1-4B7E-95E9-BDA71EA82DAF}.Release|Any CPU.ActiveCfg = Release|Any CPU
		{65D3840B-15F1-4B7E-95E9-BDA71EA82DAF}.Release|Any CPU.Build.0 = Release|Any CPU
		{65D3840B-15F1-4B7E-95E9-BDA71EA82DAF}.Release|x64.ActiveCfg = Release|Any CPU
		{65D3840B-15F1-4B7E-95E9-BDA71EA82DAF}.Release|x64.Build.0 = Release|Any CPU
		{65D3840B-15F1-4B7E-95E9-BDA71EA82DAF}.Release|x86.ActiveCfg = Release|Any CPU
		{65D3840B-15F1-4B7E-95E9-BDA71EA82DAF}.Release|x86.Build.0 = Release|Any CPU
		{7DA17212-EB00-4B28-A291-780599404EB3}.Debug|Any CPU.ActiveCfg = Debug|Any CPU
		{7DA17212-EB00-4B28-A291-780599404EB3}.Debug|Any CPU.Build.0 = Debug|Any CPU
		{7DA17212-EB00-4B28-A291-780599404EB3}.Debug|x64.ActiveCfg = Debug|Any CPU
		{7DA17212-EB00-4B28-A291-780599404EB3}.Debug|x64.Build.0 = Debug|Any CPU
		{7DA17212-EB00-4B28-A291-780599404EB3}.Debug|x86.ActiveCfg = Debug|Any CPU
		{7DA17212-EB00-4B28-A291-780599404EB3}.Debug|x86.Build.0 = Debug|Any CPU
		{7DA17212-EB00-4B28-A291-780599404EB3}.Release|Any CPU.ActiveCfg = Release|Any CPU
		{7DA17212-EB00-4B28-A291-780599404EB3}.Release|Any CPU.Build.0 = Release|Any CPU
		{7DA17212-EB00-4B28-A291-780599404EB3}.Release|x64.ActiveCfg = Release|Any CPU
		{7DA17212-EB00-4B28-A291-780599404EB3}.Release|x64.Build.0 = Release|Any CPU
		{7DA17212-EB00-4B28-A291-780599404EB3}.Release|x86.ActiveCfg = Release|Any CPU
		{7DA17212-EB00-4B28-A291-780599404EB3}.Release|x86.Build.0 = Release|Any CPU
		{866C25BE-4131-491A-B80F-B7BC7173E88F}.Debug|Any CPU.ActiveCfg = Debug|Any CPU
		{866C25BE-4131-491A-B80F-B7BC7173E88F}.Debug|Any CPU.Build.0 = Debug|Any CPU
		{866C25BE-4131-491A-B80F-B7BC7173E88F}.Debug|x64.ActiveCfg = Debug|Any CPU
		{866C25BE-4131-491A-B80F-B7BC7173E88F}.Debug|x64.Build.0 = Debug|Any CPU
		{866C25BE-4131-491A-B80F-B7BC7173E88F}.Debug|x86.ActiveCfg = Debug|Any CPU
		{866C25BE-4131-491A-B80F-B7BC7173E88F}.Debug|x86.Build.0 = Debug|Any CPU
		{866C25BE-4131-491A-B80F-B7BC7173E88F}.Release|Any CPU.ActiveCfg = Release|Any CPU
		{866C25BE-4131-491A-B80F-B7BC7173E88F}.Release|Any CPU.Build.0 = Release|Any CPU
		{866C25BE-4131-491A-B80F-B7BC7173E88F}.Release|x64.ActiveCfg = Release|Any CPU
		{866C25BE-4131-491A-B80F-B7BC7173E88F}.Release|x64.Build.0 = Release|Any CPU
		{866C25BE-4131-491A-B80F-B7BC7173E88F}.Release|x86.ActiveCfg = Release|Any CPU
		{866C25BE-4131-491A-B80F-B7BC7173E88F}.Release|x86.Build.0 = Release|Any CPU
		{D53B5562-FF9C-47F5-98B2-3E484690106F}.Debug|Any CPU.ActiveCfg = Debug|Any CPU
		{D53B5562-FF9C-47F5-98B2-3E484690106F}.Debug|Any CPU.Build.0 = Debug|Any CPU
		{D53B5562-FF9C-47F5-98B2-3E484690106F}.Debug|x64.ActiveCfg = Debug|Any CPU
		{D53B5562-FF9C-47F5-98B2-3E484690106F}.Debug|x64.Build.0 = Debug|Any CPU
		{D53B5562-FF9C-47F5-98B2-3E484690106F}.Debug|x86.ActiveCfg = Debug|Any CPU
		{D53B5562-FF9C-47F5-98B2-3E484690106F}.Debug|x86.Build.0 = Debug|Any CPU
		{D53B5562-FF9C-47F5-98B2-3E484690106F}.Release|Any CPU.ActiveCfg = Release|Any CPU
		{D53B5562-FF9C-47F5-98B2-3E484690106F}.Release|Any CPU.Build.0 = Release|Any CPU
		{D53B5562-FF9C-47F5-98B2-3E484690106F}.Release|x64.ActiveCfg = Release|Any CPU
		{D53B5562-FF9C-47F5-98B2-3E484690106F}.Release|x64.Build.0 = Release|Any CPU
		{D53B5562-FF9C-47F5-98B2-3E484690106F}.Release|x86.ActiveCfg = Release|Any CPU
		{D53B5562-FF9C-47F5-98B2-3E484690106F}.Release|x86.Build.0 = Release|Any CPU
		{4BA83F73-10BC-45A5-B6AA-9678540D70F6}.Debug|Any CPU.ActiveCfg = Debug|Any CPU
		{4BA83F73-10BC-45A5-B6AA-9678540D70F6}.Debug|Any CPU.Build.0 = Debug|Any CPU
		{4BA83F73-10BC-45A5-B6AA-9678540D70F6}.Debug|x64.ActiveCfg = Debug|Any CPU
		{4BA83F73-10BC-45A5-B6AA-9678540D70F6}.Debug|x64.Build.0 = Debug|Any CPU
		{4BA83F73-10BC-45A5-B6AA-9678540D70F6}.Debug|x86.ActiveCfg = Debug|Any CPU
		{4BA83F73-10BC-45A5-B6AA-9678540D70F6}.Debug|x86.Build.0 = Debug|Any CPU
		{4BA83F73-10BC-45A5-B6AA-9678540D70F6}.Release|Any CPU.ActiveCfg = Release|Any CPU
		{4BA83F73-10BC-45A5-B6AA-9678540D70F6}.Release|Any CPU.Build.0 = Release|Any CPU
		{4BA83F73-10BC-45A5-B6AA-9678540D70F6}.Release|x64.ActiveCfg = Release|Any CPU
		{4BA83F73-10BC-45A5-B6AA-9678540D70F6}.Release|x64.Build.0 = Release|Any CPU
		{4BA83F73-10BC-45A5-B6AA-9678540D70F6}.Release|x86.ActiveCfg = Release|Any CPU
		{4BA83F73-10BC-45A5-B6AA-9678540D70F6}.Release|x86.Build.0 = Release|Any CPU
		{6CE1C00F-2DD0-450E-859C-DDB8BDF7951E}.Debug|Any CPU.ActiveCfg = Debug|Any CPU
		{6CE1C00F-2DD0-450E-859C-DDB8BDF7951E}.Debug|Any CPU.Build.0 = Debug|Any CPU
		{6CE1C00F-2DD0-450E-859C-DDB8BDF7951E}.Debug|x64.ActiveCfg = Debug|Any CPU
		{6CE1C00F-2DD0-450E-859C-DDB8BDF7951E}.Debug|x64.Build.0 = Debug|Any CPU
		{6CE1C00F-2DD0-450E-859C-DDB8BDF7951E}.Debug|x86.ActiveCfg = Debug|Any CPU
		{6CE1C00F-2DD0-450E-859C-DDB8BDF7951E}.Debug|x86.Build.0 = Debug|Any CPU
		{6CE1C00F-2DD0-450E-859C-DDB8BDF7951E}.Release|Any CPU.ActiveCfg = Release|Any CPU
		{6CE1C00F-2DD0-450E-859C-DDB8BDF7951E}.Release|Any CPU.Build.0 = Release|Any CPU
		{6CE1C00F-2DD0-450E-859C-DDB8BDF7951E}.Release|x64.ActiveCfg = Release|Any CPU
		{6CE1C00F-2DD0-450E-859C-DDB8BDF7951E}.Release|x64.Build.0 = Release|Any CPU
		{6CE1C00F-2DD0-450E-859C-DDB8BDF7951E}.Release|x86.ActiveCfg = Release|Any CPU
		{6CE1C00F-2DD0-450E-859C-DDB8BDF7951E}.Release|x86.Build.0 = Release|Any CPU
		{360289B9-3E01-449D-93F9-36C865531026}.Debug|Any CPU.ActiveCfg = Debug|Any CPU
		{360289B9-3E01-449D-93F9-36C865531026}.Debug|Any CPU.Build.0 = Debug|Any CPU
		{360289B9-3E01-449D-93F9-36C865531026}.Debug|x64.ActiveCfg = Debug|Any CPU
		{360289B9-3E01-449D-93F9-36C865531026}.Debug|x64.Build.0 = Debug|Any CPU
		{360289B9-3E01-449D-93F9-36C865531026}.Debug|x86.ActiveCfg = Debug|Any CPU
		{360289B9-3E01-449D-93F9-36C865531026}.Debug|x86.Build.0 = Debug|Any CPU
		{360289B9-3E01-449D-93F9-36C865531026}.Release|Any CPU.ActiveCfg = Release|Any CPU
		{360289B9-3E01-449D-93F9-36C865531026}.Release|Any CPU.Build.0 = Release|Any CPU
		{360289B9-3E01-449D-93F9-36C865531026}.Release|x64.ActiveCfg = Release|Any CPU
		{360289B9-3E01-449D-93F9-36C865531026}.Release|x64.Build.0 = Release|Any CPU
		{360289B9-3E01-449D-93F9-36C865531026}.Release|x86.ActiveCfg = Release|Any CPU
		{360289B9-3E01-449D-93F9-36C865531026}.Release|x86.Build.0 = Release|Any CPU
		{C9D2280E-3319-4EA4-A7B9-22D003D57BAE}.Debug|Any CPU.ActiveCfg = Debug|Any CPU
		{C9D2280E-3319-4EA4-A7B9-22D003D57BAE}.Debug|Any CPU.Build.0 = Debug|Any CPU
		{C9D2280E-3319-4EA4-A7B9-22D003D57BAE}.Debug|x64.ActiveCfg = Debug|Any CPU
		{C9D2280E-3319-4EA4-A7B9-22D003D57BAE}.Debug|x64.Build.0 = Debug|Any CPU
		{C9D2280E-3319-4EA4-A7B9-22D003D57BAE}.Debug|x86.ActiveCfg = Debug|Any CPU
		{C9D2280E-3319-4EA4-A7B9-22D003D57BAE}.Debug|x86.Build.0 = Debug|Any CPU
		{C9D2280E-3319-4EA4-A7B9-22D003D57BAE}.Release|Any CPU.ActiveCfg = Release|Any CPU
		{C9D2280E-3319-4EA4-A7B9-22D003D57BAE}.Release|Any CPU.Build.0 = Release|Any CPU
		{C9D2280E-3319-4EA4-A7B9-22D003D57BAE}.Release|x64.ActiveCfg = Release|Any CPU
		{C9D2280E-3319-4EA4-A7B9-22D003D57BAE}.Release|x64.Build.0 = Release|Any CPU
		{C9D2280E-3319-4EA4-A7B9-22D003D57BAE}.Release|x86.ActiveCfg = Release|Any CPU
		{C9D2280E-3319-4EA4-A7B9-22D003D57BAE}.Release|x86.Build.0 = Release|Any CPU
		{14D21C4D-66AA-4C80-BBBC-7A27CA6F18FB}.Debug|Any CPU.ActiveCfg = Debug|Any CPU
		{14D21C4D-66AA-4C80-BBBC-7A27CA6F18FB}.Debug|Any CPU.Build.0 = Debug|Any CPU
		{14D21C4D-66AA-4C80-BBBC-7A27CA6F18FB}.Debug|x64.ActiveCfg = Debug|Any CPU
		{14D21C4D-66AA-4C80-BBBC-7A27CA6F18FB}.Debug|x64.Build.0 = Debug|Any CPU
		{14D21C4D-66AA-4C80-BBBC-7A27CA6F18FB}.Debug|x86.ActiveCfg = Debug|Any CPU
		{14D21C4D-66AA-4C80-BBBC-7A27CA6F18FB}.Debug|x86.Build.0 = Debug|Any CPU
		{14D21C4D-66AA-4C80-BBBC-7A27CA6F18FB}.Release|Any CPU.ActiveCfg = Release|Any CPU
		{14D21C4D-66AA-4C80-BBBC-7A27CA6F18FB}.Release|Any CPU.Build.0 = Release|Any CPU
		{14D21C4D-66AA-4C80-BBBC-7A27CA6F18FB}.Release|x64.ActiveCfg = Release|Any CPU
		{14D21C4D-66AA-4C80-BBBC-7A27CA6F18FB}.Release|x64.Build.0 = Release|Any CPU
		{14D21C4D-66AA-4C80-BBBC-7A27CA6F18FB}.Release|x86.ActiveCfg = Release|Any CPU
		{14D21C4D-66AA-4C80-BBBC-7A27CA6F18FB}.Release|x86.Build.0 = Release|Any CPU
		{A3DDFA13-64EA-4A13-AB95-49F631BA9794}.Debug|Any CPU.ActiveCfg = Debug|Any CPU
		{A3DDFA13-64EA-4A13-AB95-49F631BA9794}.Debug|Any CPU.Build.0 = Debug|Any CPU
		{A3DDFA13-64EA-4A13-AB95-49F631BA9794}.Debug|x64.ActiveCfg = Debug|Any CPU
		{A3DDFA13-64EA-4A13-AB95-49F631BA9794}.Debug|x64.Build.0 = Debug|Any CPU
		{A3DDFA13-64EA-4A13-AB95-49F631BA9794}.Debug|x86.ActiveCfg = Debug|Any CPU
		{A3DDFA13-64EA-4A13-AB95-49F631BA9794}.Debug|x86.Build.0 = Debug|Any CPU
		{A3DDFA13-64EA-4A13-AB95-49F631BA9794}.Release|Any CPU.ActiveCfg = Release|Any CPU
		{A3DDFA13-64EA-4A13-AB95-49F631BA9794}.Release|Any CPU.Build.0 = Release|Any CPU
		{A3DDFA13-64EA-4A13-AB95-49F631BA9794}.Release|x64.ActiveCfg = Release|Any CPU
		{A3DDFA13-64EA-4A13-AB95-49F631BA9794}.Release|x64.Build.0 = Release|Any CPU
		{A3DDFA13-64EA-4A13-AB95-49F631BA9794}.Release|x86.ActiveCfg = Release|Any CPU
		{A3DDFA13-64EA-4A13-AB95-49F631BA9794}.Release|x86.Build.0 = Release|Any CPU
		{D1B87F85-B27F-4968-AD7F-41661D647D22}.Debug|Any CPU.ActiveCfg = Debug|Any CPU
		{D1B87F85-B27F-4968-AD7F-41661D647D22}.Debug|Any CPU.Build.0 = Debug|Any CPU
		{D1B87F85-B27F-4968-AD7F-41661D647D22}.Debug|x64.ActiveCfg = Debug|Any CPU
		{D1B87F85-B27F-4968-AD7F-41661D647D22}.Debug|x64.Build.0 = Debug|Any CPU
		{D1B87F85-B27F-4968-AD7F-41661D647D22}.Debug|x86.ActiveCfg = Debug|Any CPU
		{D1B87F85-B27F-4968-AD7F-41661D647D22}.Debug|x86.Build.0 = Debug|Any CPU
		{D1B87F85-B27F-4968-AD7F-41661D647D22}.Release|Any CPU.ActiveCfg = Release|Any CPU
		{D1B87F85-B27F-4968-AD7F-41661D647D22}.Release|Any CPU.Build.0 = Release|Any CPU
		{D1B87F85-B27F-4968-AD7F-41661D647D22}.Release|x64.ActiveCfg = Release|Any CPU
		{D1B87F85-B27F-4968-AD7F-41661D647D22}.Release|x64.Build.0 = Release|Any CPU
		{D1B87F85-B27F-4968-AD7F-41661D647D22}.Release|x86.ActiveCfg = Release|Any CPU
		{D1B87F85-B27F-4968-AD7F-41661D647D22}.Release|x86.Build.0 = Release|Any CPU
	EndGlobalSection
	GlobalSection(SolutionProperties) = preSolution
		HideSolutionNode = FALSE
	EndGlobalSection
	GlobalSection(NestedProjects) = preSolution
		{6CE1C00F-2DD0-450E-859C-DDB8BDF7951E} = {2C43AF3C-C3B2-4B8A-81E2-DA6D8A53356A}
	EndGlobalSection
	GlobalSection(ExtensibilityGlobals) = postSolution
		SolutionGuid = {A6E377C6-EDE0-4135-951F-78C62B63DE96}
	EndGlobalSection
EndGlobal
